// !$*UTF8*$!
{
	archiveVersion = 1;
	classes = {
	};
	objectVersion = 46;
	objects = {

/* Begin PBXBuildFile section */
		D3903DFB1521568B0048E4D6 /* UIKit.framework in Frameworks */ = {isa = PBXBuildFile; fileRef = D3903DFA1521568B0048E4D6 /* UIKit.framework */; };
		D3903DFD1521568B0048E4D6 /* Foundation.framework in Frameworks */ = {isa = PBXBuildFile; fileRef = D3903DFC1521568B0048E4D6 /* Foundation.framework */; };
		D3903DFF1521568B0048E4D6 /* CoreGraphics.framework in Frameworks */ = {isa = PBXBuildFile; fileRef = D3903DFE1521568B0048E4D6 /* CoreGraphics.framework */; };
		D3903E051521568B0048E4D6 /* InfoPlist.strings in Resources */ = {isa = PBXBuildFile; fileRef = D3903E031521568B0048E4D6 /* InfoPlist.strings */; };
		D3903E071521568B0048E4D6 /* main.m in Sources */ = {isa = PBXBuildFile; fileRef = D3903E061521568B0048E4D6 /* main.m */; };
		D3903E0B1521568B0048E4D6 /* AppDelegate.m in Sources */ = {isa = PBXBuildFile; fileRef = D3903E0A1521568B0048E4D6 /* AppDelegate.m */; };
		D3903E0E1521568B0048E4D6 /* ViewController.m in Sources */ = {isa = PBXBuildFile; fileRef = D3903E0D1521568B0048E4D6 /* ViewController.m */; };
		D3903E111521568B0048E4D6 /* ViewController.xib in Resources */ = {isa = PBXBuildFile; fileRef = D3903E0F1521568B0048E4D6 /* ViewController.xib */; };
/* End PBXBuildFile section */

/* Begin PBXFileReference section */
		D3903DF61521568B0048E4D6 /* CoreDataTest.app */ = {isa = PBXFileReference; explicitFileType = wrapper.application; includeInIndex = 0; path = CoreDataTest.app; sourceTree = BUILT_PRODUCTS_DIR; };
		D3903DFA1521568B0048E4D6 /* UIKit.framework */ = {isa = PBXFileReference; lastKnownFileType = wrapper.framework; name = UIKit.framework; path = System/Library/Frameworks/UIKit.framework; sourceTree = SDKROOT; };
		D3903DFC1521568B0048E4D6 /* Foundation.framework */ = {isa = PBXFileReference; lastKnownFileType = wrapper.framework; name = Foundation.framework; path = System/Library/Frameworks/Foundation.framework; sourceTree = SDKROOT; };
		D3903DFE1521568B0048E4D6 /* CoreGraphics.framework */ = {isa = PBXFileReference; lastKnownFileType = wrapper.framework; name = CoreGraphics.framework; path = System/Library/Frameworks/CoreGraphics.framework; sourceTree = SDKROOT; };
		D3903E021521568B0048E4D6 /* CoreDataTest-Info.plist */ = {isa = PBXFileReference; path = "CoreDataTest-Info.plist"; sourceTree = "<group>"; };
		D3903E041521568B0048E4D6 /* en */ = {isa = PBXFileReference; lastKnownFileType = text.plist.strings; name = en; path = en.lproj/InfoPlist.strings; sourceTree = "<group>"; };
		D3903E061521568B0048E4D6 /* main.m */ = {isa = PBXFileReference; lastKnownFileType = sourcecode.c.objc; path = main.m; sourceTree = "<group>"; };
		D3903E081521568B0048E4D6 /* CoreDataTest-Prefix.pch */ = {isa = PBXFileReference; path = "CoreDataTest-Prefix.pch"; sourceTree = "<group>"; };
		D3903E091521568B0048E4D6 /* AppDelegate.h */ = {isa = PBXFileReference; path = AppDelegate.h; sourceTree = "<group>"; };
		D3903E0A1521568B0048E4D6 /* AppDelegate.m */ = {isa = PBXFileReference; lastKnownFileType = sourcecode.c.objc; path = AppDelegate.m; sourceTree = "<group>"; };
		D3903E0C1521568B0048E4D6 /* ViewController.h */ = {isa = PBXFileReference; path = ViewController.h; sourceTree = "<group>"; };
		D3903E0D1521568B0048E4D6 /* ViewController.m */ = {isa = PBXFileReference; lastKnownFileType = sourcecode.c.objc; path = ViewController.m; sourceTree = "<group>"; };
		D3903E101521568B0048E4D6 /* en */ = {isa = PBXFileReference; lastKnownFileType = file.xib; name = en; path = en.lproj/ViewController.xib; sourceTree = "<group>"; };
/* End PBXFileReference section */

/* Begin PBXFrameworksBuildPhase section */
		D3903DF31521568B0048E4D6 /* Frameworks */ = {
			isa = PBXFrameworksBuildPhase;
			buildActionMask = 2147483647;
			files = (
				D3903DFB1521568B0048E4D6 /* UIKit.framework in Frameworks */,
				D3903DFD1521568B0048E4D6 /* Foundation.framework in Frameworks */,
				D3903DFF1521568B0048E4D6 /* CoreGraphics.framework in Frameworks */,
			);
			runOnlyForDeploymentPostprocessing = 0;
		};
/* End PBXFrameworksBuildPhase section */

/* Begin PBXGroup section */
		D3903DEB1521568B0048E4D6 = {
			isa = PBXGroup;
			children = (
				D3903E001521568B0048E4D6 /* CoreDataTest */,
				D3903DF91521568B0048E4D6 /* Frameworks */,
				D3903DF71521568B0048E4D6 /* Products */,
			);
			sourceTree = "<group>";
		};
		D3903DF71521568B0048E4D6 /* Products */ = {
			isa = PBXGroup;
			children = (
				D3903DF61521568B0048E4D6 /* CoreDataTest.app */,
			);
			name = Products;
			sourceTree = "<group>";
		};
		D3903DF91521568B0048E4D6 /* Frameworks */ = {
			isa = PBXGroup;
			children = (
				D3903DFA1521568B0048E4D6 /* UIKit.framework */,
				D3903DFC1521568B0048E4D6 /* Foundation.framework */,
				D3903DFE1521568B0048E4D6 /* CoreGraphics.framework */,
			);
			name = Frameworks;
			sourceTree = "<group>";
		};
		D3903E001521568B0048E4D6 /* CoreDataTest */ = {
			isa = PBXGroup;
			children = (
				D3903E091521568B0048E4D6 /* AppDelegate.h */,
				D3903E0A1521568B0048E4D6 /* AppDelegate.m */,
				D3903E0C1521568B0048E4D6 /* ViewController.h */,
				D3903E0D1521568B0048E4D6 /* ViewController.m */,
				D3903E0F1521568B0048E4D6 /* ViewController.xib */,
				D3903E011521568B0048E4D6 /* Supporting Files */,
			);
			path = CoreDataTest;
			sourceTree = "<group>";
		};
		D3903E011521568B0048E4D6 /* Supporting Files */ = {
			isa = PBXGroup;
			children = (
				D3903E021521568B0048E4D6 /* CoreDataTest-Info.plist */,
				D3903E031521568B0048E4D6 /* InfoPlist.strings */,
				D3903E061521568B0048E4D6 /* main.m */,
				D3903E081521568B0048E4D6 /* CoreDataTest-Prefix.pch */,
			);
			name = "Supporting Files";
			sourceTree = "<group>";
		};
/* End PBXGroup section */

/* Begin PBXNativeTarget section */
		D3903DF51521568B0048E4D6 /* CoreDataTest */ = {
			isa = PBXNativeTarget;
			buildConfigurationList = D3903E141521568B0048E4D6 /* Build configuration list for PBXNativeTarget "CoreDataTest" */;
			buildPhases = (
				D3903DF21521568B0048E4D6 /* Sources */,
				D3903DF31521568B0048E4D6 /* Frameworks */,
				D3903DF41521568B0048E4D6 /* Resources */,
			);
			buildRules = (
			);
			dependencies = (
			);
			name = CoreDataTest;
			productName = CoreDataTest;
			productReference = D3903DF61521568B0048E4D6 /* CoreDataTest.app */;
			productType = "com.apple.product-type.application";
		};
/* End PBXNativeTarget section */

/* Begin PBXProject section */
		D3903DED1521568B0048E4D6 /* Project object */ = {
			isa = PBXProject;
			attributes = {
				LastUpgradeCheck = 0420;
				ORGANIZATIONNAME = "Brian Manning";
			};
			buildConfigurationList = D3903DF01521568B0048E4D6 /* Build configuration list for PBXProject "CoreDataTest" */;
			compatibilityVersion = "Xcode 3.2";
			developmentRegion = English;
			hasScannedForEncodings = 0;
			knownRegions = (
				en,
			);
			mainGroup = D3903DEB1521568B0048E4D6;
			productRefGroup = D3903DF71521568B0048E4D6 /* Products */;
			projectDirPath = "";
			projectRoot = "";
			targets = (
				D3903DF51521568B0048E4D6 /* CoreDataTest */,
			);
		};
/* End PBXProject section */

/* Begin PBXResourcesBuildPhase section */
		D3903DF41521568B0048E4D6 /* Resources */ = {
			isa = PBXResourcesBuildPhase;
			buildActionMask = 2147483647;
			files = (
				D3903E051521568B0048E4D6 /* InfoPlist.strings in Resources */,
				D3903E111521568B0048E4D6 /* ViewController.xib in Resources */,
			);
			runOnlyForDeploymentPostprocessing = 0;
		};
/* End PBXResourcesBuildPhase section */

/* Begin PBXSourcesBuildPhase section */
		D3903DF21521568B0048E4D6 /* Sources */ = {
			isa = PBXSourcesBuildPhase;
			buildActionMask = 2147483647;
			files = (
				D3903E071521568B0048E4D6 /* main.m in Sources */,
				D3903E0B1521568B0048E4D6 /* AppDelegate.m in Sources */,
				D3903E0E1521568B0048E4D6 /* ViewController.m in Sources */,
			);
			runOnlyForDeploymentPostprocessing = 0;
		};
/* End PBXSourcesBuildPhase section */

/* Begin PBXVariantGroup section */
		D3903E031521568B0048E4D6 /* InfoPlist.strings */ = {
			isa = PBXVariantGroup;
			children = (
				D3903E041521568B0048E4D6 /* en */,
			);
			name = InfoPlist.strings;
			sourceTree = "<group>";
		};
		D3903E0F1521568B0048E4D6 /* ViewController.xib */ = {
			isa = PBXVariantGroup;
			children = (
				D3903E101521568B0048E4D6 /* en */,
			);
			name = ViewController.xib;
			sourceTree = "<group>";
		};
/* End PBXVariantGroup section */

/* Begin XCBuildConfiguration section */
		D3903E121521568B0048E4D6 /* Debug */ = {
			isa = XCBuildConfiguration;
			buildSettings = {
				ALWAYS_SEARCH_USER_PATHS = NO;
				ARCHS = "$(ARCHS_STANDARD_32_BIT)";
				CLANG_ENABLE_OBJC_ARC = YES;
				"CODE_SIGN_IDENTITY[sdk=iphoneos*]" = "iPhone Developer";
				COPY_PHASE_STRIP = NO;
				GCC_C_LANGUAGE_STANDARD = gnu99;
				GCC_DYNAMIC_NO_PIC = NO;
				GCC_OPTIMIZATION_LEVEL = 0;
				GCC_PREPROCESSOR_DEFINITIONS = (
					"DEBUG=1",
					"$(inherited)",
				);
				GCC_SYMBOLS_PRIVATE_EXTERN = NO;
				GCC_VERSION = com.apple.compilers.llvm.clang.1_0;
				GCC_WARN_ABOUT_MISSING_PROTOTYPES = YES;
				GCC_WARN_ABOUT_RETURN_TYPE = YES;
				GCC_WARN_UNUSED_VARIABLE = YES;
				IPHONEOS_DEPLOYMENT_TARGET = 5.0;
				SDKROOT = iphoneos;
			};
			name = Debug;
		};
		D3903E131521568B0048E4D6 /* Release */ = {
			isa = XCBuildConfiguration;
			buildSettings = {
				ALWAYS_SEARCH_USER_PATHS = NO;
				ARCHS = "$(ARCHS_STANDARD_32_BIT)";
				CLANG_ENABLE_OBJC_ARC = YES;
				"CODE_SIGN_IDENTITY[sdk=iphoneos*]" = "iPhone Developer";
				COPY_PHASE_STRIP = YES;
				GCC_C_LANGUAGE_STANDARD = gnu99;
				GCC_VERSION = com.apple.compilers.llvm.clang.1_0;
				GCC_WARN_ABOUT_MISSING_PROTOTYPES = YES;
				GCC_WARN_ABOUT_RETURN_TYPE = YES;
				GCC_WARN_UNUSED_VARIABLE = YES;
				IPHONEOS_DEPLOYMENT_TARGET = 5.0;
				OTHER_CFLAGS = "-DNS_BLOCK_ASSERTIONS=1";
				SDKROOT = iphoneos;
				VALIDATE_PRODUCT = YES;
			};
			name = Release;
		};
		D3903E151521568B0048E4D6 /* Debug */ = {
			isa = XCBuildConfiguration;
			buildSettings = {
				GCC_PRECOMPILE_PREFIX_HEADER = YES;
				GCC_PREFIX_HEADER = "CoreDataTest/CoreDataTest-Prefix.pch";
				INFOPLIST_FILE = "CoreDataTest/CoreDataTest-Info.plist";
				PRODUCT_NAME = "$(TARGET_NAME)";
				WRAPPER_EXTENSION = app;
			};
			name = Debug;
		};
		D3903E161521568B0048E4D6 /* Release */ = {
			isa = XCBuildConfiguration;
			buildSettings = {
				GCC_PRECOMPILE_PREFIX_HEADER = YES;
				GCC_PREFIX_HEADER = "CoreDataTest/CoreDataTest-Prefix.pch";
				INFOPLIST_FILE = "CoreDataTest/CoreDataTest-Info.plist";
				PRODUCT_NAME = "$(TARGET_NAME)";
				WRAPPER_EXTENSION = app;
			};
			name = Release;
		};
/* End XCBuildConfiguration section */

/* Begin XCConfigurationList section */
		D3903DF01521568B0048E4D6 /* Build configuration list for PBXProject "CoreDataTest" */ = {
			isa = XCConfigurationList;
			buildConfigurations = (
				D3903E121521568B0048E4D6 /* Debug */,
				D3903E131521568B0048E4D6 /* Release */,
			);
			defaultConfigurationIsVisible = 0;
			defaultConfigurationName = Release;
		};
		D3903E141521568B0048E4D6 /* Build configuration list for PBXNativeTarget "CoreDataTest" */ = {
			isa = XCConfigurationList;
			buildConfigurations = (
				D3903E151521568B0048E4D6 /* Debug */,
				D3903E161521568B0048E4D6 /* Release */,
			);
			defaultConfigurationIsVisible = 0;
		};
/* End XCConfigurationList section */
	};
	rootObject = D3903DED1521568B0048E4D6 /* Project object */;
}
